// !$*UTF8*$!
{
	archiveVersion = 1;
	classes = {
	};
	objectVersion = 45;
	objects = {

/* Begin PBXBuildFile section */
		1D3623260D0F684500981E51 /* SterrenAppDelegate.m in Sources */ = {isa = PBXBuildFile; fileRef = 1D3623250D0F684500981E51 /* SterrenAppDelegate.m */; };
		1D60589B0D05DD56006BFB54 /* main.m in Sources */ = {isa = PBXBuildFile; fileRef = 29B97316FDCFA39411CA2CEA /* main.m */; };
		1D60589F0D05DD5A006BFB54 /* Foundation.framework in Frameworks */ = {isa = PBXBuildFile; fileRef = 1D30AB110D05D00D00671497 /* Foundation.framework */; };
		1DF5F4E00D08C38300B7A737 /* UIKit.framework in Frameworks */ = {isa = PBXBuildFile; fileRef = 1DF5F4DF0D08C38300B7A737 /* UIKit.framework */; };
		1F92F5EC0FDFF83200548BE8 /* GLViewController.m in Sources */ = {isa = PBXBuildFile; fileRef = 1F92F5EA0FDFF83200548BE8 /* GLViewController.m */; };
		1FF404F30FF2AC4B00D17C20 /* CoreGraphics.framework in Frameworks */ = {isa = PBXBuildFile; fileRef = 1FF404F20FF2AC4B00D17C20 /* CoreGraphics.framework */; };
		1FFE82450FF2AB450003974F /* OpenGLTexture3D.m in Sources */ = {isa = PBXBuildFile; fileRef = 1FFE82430FF2AB450003974F /* OpenGLTexture3D.m */; };
		28AD733F0D9D9553002E5188 /* MainWindow.xib in Resources */ = {isa = PBXBuildFile; fileRef = 28AD733E0D9D9553002E5188 /* MainWindow.xib */; };
		28FD14FE0DC6FC130079059D /* GLView.m in Sources */ = {isa = PBXBuildFile; fileRef = 28FD14FD0DC6FC130079059D /* GLView.m */; };
		28FD15000DC6FC520079059D /* OpenGLES.framework in Frameworks */ = {isa = PBXBuildFile; fileRef = 28FD14FF0DC6FC520079059D /* OpenGLES.framework */; };
		28FD15080DC6FC5B0079059D /* QuartzCore.framework in Frameworks */ = {isa = PBXBuildFile; fileRef = 28FD15070DC6FC5B0079059D /* QuartzCore.framework */; };
		765DA28A10A0B19300C4B16A /* SRLocation.m in Sources */ = {isa = PBXBuildFile; fileRef = 765DA28910A0B19300C4B16A /* SRLocation.m */; };
		765DA31510A0B97000C4B16A /* CoreLocation.framework in Frameworks */ = {isa = PBXBuildFile; fileRef = 765DA31410A0B97000C4B16A /* CoreLocation.framework */; };
		76B2988510BD9EBB00EEDA5D /* SRLocationModule.m in Sources */ = {isa = PBXBuildFile; fileRef = 76B2988410BD9EBB00EEDA5D /* SRLocationModule.m */; };
		76B7CC59108B235100F87C68 /* XMLParser.m in Sources */ = {isa = PBXBuildFile; fileRef = 76B7CC58108B235100F87C68 /* XMLParser.m */; };
		76FBD51E108B227000E08E82 /* stars.xml in Resources */ = {isa = PBXBuildFile; fileRef = 76FBD51D108B227000E08E82 /* stars.xml */; };
		AC045E33109E062B0066EAA6 /* menu.png in Resources */ = {isa = PBXBuildFile; fileRef = AC045E32109E062B0066EAA6 /* menu.png */; };
		AC1BA73C10C0225D0084CF6F /* SRConstellation.m in Sources */ = {isa = PBXBuildFile; fileRef = AC1BA73B10C0225D0084CF6F /* SRConstellation.m */; };
		AC2243B0109DB98F0049BF46 /* time.png in Resources */ = {isa = PBXBuildFile; fileRef = AC2243AF109DB98F0049BF46 /* time.png */; };
		AC24C98710BAE6420063DF87 /* SRTimeManager.m in Sources */ = {isa = PBXBuildFile; fileRef = AC24C98610BAE6420063DF87 /* SRTimeManager.m */; };
		AC24C99010BAE7BF0063DF87 /* SRModule.m in Sources */ = {isa = PBXBuildFile; fileRef = AC24C98F10BAE7BF0063DF87 /* SRModule.m */; };
		AC24C99510BAE8F00063DF87 /* SRTimeModule.m in Sources */ = {isa = PBXBuildFile; fileRef = AC24C99410BAE8F00063DF87 /* SRTimeModule.m */; };
		AC24C9AA10BAEB2B0063DF87 /* fwd.png in Resources */ = {isa = PBXBuildFile; fileRef = AC24C9A610BAEB2B0063DF87 /* fwd.png */; };
		AC24C9AB10BAEB2B0063DF87 /* module_bg.png in Resources */ = {isa = PBXBuildFile; fileRef = AC24C9A710BAEB2B0063DF87 /* module_bg.png */; };
		AC24C9AC10BAEB2B0063DF87 /* play.png in Resources */ = {isa = PBXBuildFile; fileRef = AC24C9A810BAEB2B0063DF87 /* play.png */; };
		AC24C9AD10BAEB2B0063DF87 /* rew.png in Resources */ = {isa = PBXBuildFile; fileRef = AC24C9A910BAEB2B0063DF87 /* rew.png */; };
		AC4E0145109E187400C13AC5 /* arrow.png in Resources */ = {isa = PBXBuildFile; fileRef = AC4E0144109E187400C13AC5 /* arrow.png */; };
		AC4F8957109DF46900B8BD64 /* click.png in Resources */ = {isa = PBXBuildFile; fileRef = AC4F8956109DF46900B8BD64 /* click.png */; };
		AC55F122109600990021D39C /* SRInterface.m in Sources */ = {isa = PBXBuildFile; fileRef = AC55F121109600990021D39C /* SRInterface.m */; };
		AC59B8BA1075075F00ABAE22 /* SRPlanetaryObject.m in Sources */ = {isa = PBXBuildFile; fileRef = AC59B8B91075075F00ABAE22 /* SRPlanetaryObject.m */; };
		AC6636E110AB16C600D4FB1C /* horizon_bg.png in Resources */ = {isa = PBXBuildFile; fileRef = AC6636E010AB16C600D4FB1C /* horizon_bg.png */; };
		AC6D777E10C56A1900442254 /* SRSpriteManager.m in Sources */ = {isa = PBXBuildFile; fileRef = AC6D777D10C56A1900442254 /* SRSpriteManager.m */; };
		AC6EE16110C09A63008EEC97 /* Default.png in Resources */ = {isa = PBXBuildFile; fileRef = AC6EE16010C09A63008EEC97 /* Default.png */; };
		AC75CA0C108B4A5F00463F3A /* icon_png.png in Resources */ = {isa = PBXBuildFile; fileRef = AC75CA0B108B4A5F00463F3A /* icon_png.png */; };
		AC7AE68310BC49F500A63DFB /* Texture2D.m in Sources */ = {isa = PBXBuildFile; fileRef = AC7AE68210BC49F500A63DFB /* Texture2D.m */; };
		AC8A87F010C56FCE0015CDF5 /* latitude.png in Resources */ = {isa = PBXBuildFile; fileRef = AC8A87ED10C56FCE0015CDF5 /* latitude.png */; };
		AC8A87F110C56FCE0015CDF5 /* location_off.png in Resources */ = {isa = PBXBuildFile; fileRef = AC8A87EE10C56FCE0015CDF5 /* location_off.png */; };
		AC8A87F210C56FCE0015CDF5 /* longitude.png in Resources */ = {isa = PBXBuildFile; fileRef = AC8A87EF10C56FCE0015CDF5 /* longitude.png */; };
		ACA8757D109DC88900465577 /* location.png in Resources */ = {isa = PBXBuildFile; fileRef = ACA8757A109DC88900465577 /* location.png */; };
		ACA8757E109DC88900465577 /* search.png in Resources */ = {isa = PBXBuildFile; fileRef = ACA8757B109DC88900465577 /* search.png */; };
		ACA8757F109DC88900465577 /* settings.png in Resources */ = {isa = PBXBuildFile; fileRef = ACA8757C109DC88900465577 /* settings.png */; };
		ACA875EE109DD0A000465577 /* SRInterfaceElement.m in Sources */ = {isa = PBXBuildFile; fileRef = ACA875ED109DD0A000465577 /* SRInterfaceElement.m */; };
		ACB56B3610C41A210002842B /* jupiter.png in Resources */ = {isa = PBXBuildFile; fileRef = ACB56B3510C41A210002842B /* jupiter.png */; };
		ACB7B11710615C1000CA447E /* SRCamera.m in Sources */ = {isa = PBXBuildFile; fileRef = ACB7B11610615C1000CA447E /* SRCamera.m */; };
		ACB7B16C10615F4F00CA447E /* SRRenderer.m in Sources */ = {isa = PBXBuildFile; fileRef = ACB7B16B10615F4F00CA447E /* SRRenderer.m */; };
		ACEC7CF3109B25A700149C80 /* SRStar.m in Sources */ = {isa = PBXBuildFile; fileRef = ACEC7CF0109B25A700149C80 /* SRStar.m */; };
		ACEC7CF4109B25A700149C80 /* SRSun.m in Sources */ = {isa = PBXBuildFile; fileRef = ACEC7CF2109B25A700149C80 /* SRSun.m */; };
/* End PBXBuildFile section */

/* Begin PBXFileReference section */
		1D30AB110D05D00D00671497 /* Foundation.framework */ = {isa = PBXFileReference; lastKnownFileType = wrapper.framework; name = Foundation.framework; path = System/Library/Frameworks/Foundation.framework; sourceTree = SDKROOT; };
		1D3623240D0F684500981E51 /* SterrenAppDelegate.h */ = {isa = PBXFileReference; explicitFileType = sourcecode.c.h; fileEncoding = 4; path = SterrenAppDelegate.h; sourceTree = "<group>"; };
		1D3623250D0F684500981E51 /* SterrenAppDelegate.m */ = {isa = PBXFileReference; fileEncoding = 4; lastKnownFileType = sourcecode.c.objc; path = SterrenAppDelegate.m; sourceTree = "<group>"; };
		1D6058910D05DD3D006BFB54 /* Sterren.app */ = {isa = PBXFileReference; explicitFileType = wrapper.application; includeInIndex = 0; path = Sterren.app; sourceTree = BUILT_PRODUCTS_DIR; };
		1DF5F4DF0D08C38300B7A737 /* UIKit.framework */ = {isa = PBXFileReference; lastKnownFileType = wrapper.framework; name = UIKit.framework; path = System/Library/Frameworks/UIKit.framework; sourceTree = SDKROOT; };
		1F92F5E80FDFF83200548BE8 /* ConstantsAndMacros.h */ = {isa = PBXFileReference; fileEncoding = 4; lastKnownFileType = sourcecode.c.h; path = ConstantsAndMacros.h; sourceTree = "<group>"; };
		1F92F5E90FDFF83200548BE8 /* GLViewController.h */ = {isa = PBXFileReference; fileEncoding = 4; lastKnownFileType = sourcecode.c.h; path = GLViewController.h; sourceTree = "<group>"; };
		1F92F5EA0FDFF83200548BE8 /* GLViewController.m */ = {isa = PBXFileReference; fileEncoding = 4; lastKnownFileType = sourcecode.c.objc; path = GLViewController.m; sourceTree = "<group>"; };
		1F92F5EB0FDFF83200548BE8 /* OpenGLCommon.h */ = {isa = PBXFileReference; fileEncoding = 4; lastKnownFileType = sourcecode.c.h; path = OpenGLCommon.h; sourceTree = "<group>"; };
		1FF404F20FF2AC4B00D17C20 /* CoreGraphics.framework */ = {isa = PBXFileReference; lastKnownFileType = wrapper.framework; name = CoreGraphics.framework; path = System/Library/Frameworks/CoreGraphics.framework; sourceTree = SDKROOT; };
		1FFE82430FF2AB450003974F /* OpenGLTexture3D.m */ = {isa = PBXFileReference; fileEncoding = 4; lastKnownFileType = sourcecode.c.objc; path = OpenGLTexture3D.m; sourceTree = "<group>"; };
		1FFE82440FF2AB450003974F /* OpenGLTexture3D.h */ = {isa = PBXFileReference; fileEncoding = 4; lastKnownFileType = sourcecode.c.h; path = OpenGLTexture3D.h; sourceTree = "<group>"; };
		28AD733E0D9D9553002E5188 /* MainWindow.xib */ = {isa = PBXFileReference; lastKnownFileType = file.xib; path = MainWindow.xib; sourceTree = "<group>"; };
		28FD14FC0DC6FC130079059D /* GLView.h */ = {isa = PBXFileReference; fileEncoding = 4; lastKnownFileType = sourcecode.c.h; path = GLView.h; sourceTree = "<group>"; };
		28FD14FD0DC6FC130079059D /* GLView.m */ = {isa = PBXFileReference; fileEncoding = 4; lastKnownFileType = sourcecode.c.objc; path = GLView.m; sourceTree = "<group>"; };
		28FD14FF0DC6FC520079059D /* OpenGLES.framework */ = {isa = PBXFileReference; lastKnownFileType = wrapper.framework; name = OpenGLES.framework; path = System/Library/Frameworks/OpenGLES.framework; sourceTree = SDKROOT; };
		28FD15070DC6FC5B0079059D /* QuartzCore.framework */ = {isa = PBXFileReference; lastKnownFileType = wrapper.framework; name = QuartzCore.framework; path = System/Library/Frameworks/QuartzCore.framework; sourceTree = SDKROOT; };
		29B97316FDCFA39411CA2CEA /* main.m */ = {isa = PBXFileReference; fileEncoding = 4; lastKnownFileType = sourcecode.c.objc; path = main.m; sourceTree = "<group>"; };
		32CA4F630368D1EE00C91783 /* Sterren_Prefix.pch */ = {isa = PBXFileReference; fileEncoding = 4; lastKnownFileType = sourcecode.c.h; path = Sterren_Prefix.pch; sourceTree = "<group>"; };
		765DA28810A0B19300C4B16A /* SRLocation.h */ = {isa = PBXFileReference; fileEncoding = 4; lastKnownFileType = sourcecode.c.h; path = SRLocation.h; sourceTree = "<group>"; };
		765DA28910A0B19300C4B16A /* SRLocation.m */ = {isa = PBXFileReference; fileEncoding = 4; lastKnownFileType = sourcecode.c.objc; path = SRLocation.m; sourceTree = "<group>"; };
		765DA31410A0B97000C4B16A /* CoreLocation.framework */ = {isa = PBXFileReference; lastKnownFileType = wrapper.framework; name = CoreLocation.framework; path = System/Library/Frameworks/CoreLocation.framework; sourceTree = SDKROOT; };
		76B2988310BD9EBB00EEDA5D /* SRLocationModule.h */ = {isa = PBXFileReference; fileEncoding = 4; lastKnownFileType = sourcecode.c.h; path = SRLocationModule.h; sourceTree = "<group>"; };
		76B2988410BD9EBB00EEDA5D /* SRLocationModule.m */ = {isa = PBXFileReference; fileEncoding = 4; lastKnownFileType = sourcecode.c.objc; path = SRLocationModule.m; sourceTree = "<group>"; };
		76B7CC57108B235100F87C68 /* XMLParser.h */ = {isa = PBXFileReference; fileEncoding = 4; lastKnownFileType = sourcecode.c.h; path = XMLParser.h; sourceTree = "<group>"; };
		76B7CC58108B235100F87C68 /* XMLParser.m */ = {isa = PBXFileReference; fileEncoding = 4; lastKnownFileType = sourcecode.c.objc; path = XMLParser.m; sourceTree = "<group>"; };
		76FBD51D108B227000E08E82 /* stars.xml */ = {isa = PBXFileReference; fileEncoding = 4; lastKnownFileType = text.xml; path = stars.xml; sourceTree = "<group>"; };
		8D1107310486CEB800E47090 /* Sterren-Info.plist */ = {isa = PBXFileReference; fileEncoding = 4; lastKnownFileType = text.plist.xml; path = "Sterren-Info.plist"; plistStructureDefinitionIdentifier = "com.apple.xcode.plist.structure-definition.iphone.info-plist"; sourceTree = "<group>"; };
		AC045E32109E062B0066EAA6 /* menu.png */ = {isa = PBXFileReference; lastKnownFileType = image.png; name = menu.png; path = Resources/menu.png; sourceTree = "<group>"; };
		AC1BA73A10C0225D0084CF6F /* SRConstellation.h */ = {isa = PBXFileReference; fileEncoding = 4; lastKnownFileType = sourcecode.c.h; path = SRConstellation.h; sourceTree = "<group>"; };
		AC1BA73B10C0225D0084CF6F /* SRConstellation.m */ = {isa = PBXFileReference; fileEncoding = 4; lastKnownFileType = sourcecode.c.objc; path = SRConstellation.m; sourceTree = "<group>"; };
		AC2243AF109DB98F0049BF46 /* time.png */ = {isa = PBXFileReference; lastKnownFileType = image.png; name = time.png; path = Resources/time.png; sourceTree = "<group>"; };
		AC24C98510BAE6420063DF87 /* SRTimeManager.h */ = {isa = PBXFileReference; fileEncoding = 4; lastKnownFileType = sourcecode.c.h; path = SRTimeManager.h; sourceTree = "<group>"; };
		AC24C98610BAE6420063DF87 /* SRTimeManager.m */ = {isa = PBXFileReference; fileEncoding = 4; lastKnownFileType = sourcecode.c.objc; path = SRTimeManager.m; sourceTree = "<group>"; };
		AC24C98E10BAE7BF0063DF87 /* SRModule.h */ = {isa = PBXFileReference; fileEncoding = 4; lastKnownFileType = sourcecode.c.h; path = SRModule.h; sourceTree = "<group>"; };
		AC24C98F10BAE7BF0063DF87 /* SRModule.m */ = {isa = PBXFileReference; fileEncoding = 4; lastKnownFileType = sourcecode.c.objc; path = SRModule.m; sourceTree = "<group>"; };
		AC24C99310BAE8F00063DF87 /* SRTimeModule.h */ = {isa = PBXFileReference; fileEncoding = 4; lastKnownFileType = sourcecode.c.h; path = SRTimeModule.h; sourceTree = "<group>"; };
		AC24C99410BAE8F00063DF87 /* SRTimeModule.m */ = {isa = PBXFileReference; fileEncoding = 4; lastKnownFileType = sourcecode.c.objc; path = SRTimeModule.m; sourceTree = "<group>"; };
		AC24C9A610BAEB2B0063DF87 /* fwd.png */ = {isa = PBXFileReference; lastKnownFileType = image.png; name = fwd.png; path = Resources/fwd.png; sourceTree = "<group>"; };
		AC24C9A710BAEB2B0063DF87 /* module_bg.png */ = {isa = PBXFileReference; lastKnownFileType = image.png; name = module_bg.png; path = Resources/module_bg.png; sourceTree = "<group>"; };
		AC24C9A810BAEB2B0063DF87 /* play.png */ = {isa = PBXFileReference; lastKnownFileType = image.png; name = play.png; path = Resources/play.png; sourceTree = "<group>"; };
		AC24C9A910BAEB2B0063DF87 /* rew.png */ = {isa = PBXFileReference; lastKnownFileType = image.png; name = rew.png; path = Resources/rew.png; sourceTree = "<group>"; };
		AC4E0144109E187400C13AC5 /* arrow.png */ = {isa = PBXFileReference; lastKnownFileType = image.png; name = arrow.png; path = Resources/arrow.png; sourceTree = "<group>"; };
		AC4F8956109DF46900B8BD64 /* click.png */ = {isa = PBXFileReference; lastKnownFileType = image.png; name = click.png; path = Resources/click.png; sourceTree = "<group>"; };
		AC55F120109600990021D39C /* SRInterface.h */ = {isa = PBXFileReference; fileEncoding = 4; lastKnownFileType = sourcecode.c.h; path = SRInterface.h; sourceTree = "<group>"; };
		AC55F121109600990021D39C /* SRInterface.m */ = {isa = PBXFileReference; fileEncoding = 4; lastKnownFileType = sourcecode.c.objc; path = SRInterface.m; sourceTree = "<group>"; };
		AC59B8B81075075F00ABAE22 /* SRPlanetaryObject.h */ = {isa = PBXFileReference; fileEncoding = 4; lastKnownFileType = sourcecode.c.h; path = SRPlanetaryObject.h; sourceTree = "<group>"; };
		AC59B8B91075075F00ABAE22 /* SRPlanetaryObject.m */ = {isa = PBXFileReference; fileEncoding = 4; lastKnownFileType = sourcecode.c.objc; path = SRPlanetaryObject.m; sourceTree = "<group>"; };
		AC6636E010AB16C600D4FB1C /* horizon_bg.png */ = {isa = PBXFileReference; lastKnownFileType = image.png; name = horizon_bg.png; path = Resources/horizon_bg.png; sourceTree = "<group>"; };
		AC6D777C10C56A1900442254 /* SRSpriteManager.h */ = {isa = PBXFileReference; fileEncoding = 4; lastKnownFileType = sourcecode.c.h; path = SRSpriteManager.h; sourceTree = "<group>"; };
		AC6D777D10C56A1900442254 /* SRSpriteManager.m */ = {isa = PBXFileReference; fileEncoding = 4; lastKnownFileType = sourcecode.c.objc; path = SRSpriteManager.m; sourceTree = "<group>"; };
		AC6EE16010C09A63008EEC97 /* Default.png */ = {isa = PBXFileReference; lastKnownFileType = image.png; name = Default.png; path = Resources/Default.png; sourceTree = "<group>"; };
		AC75CA0B108B4A5F00463F3A /* icon_png.png */ = {isa = PBXFileReference; lastKnownFileType = image.png; name = icon_png.png; path = Resources/icon_png.png; sourceTree = "<group>"; };
		AC7AE68110BC49F500A63DFB /* Texture2D.h */ = {isa = PBXFileReference; fileEncoding = 4; lastKnownFileType = sourcecode.c.h; path = Texture2D.h; sourceTree = "<group>"; };
		AC7AE68210BC49F500A63DFB /* Texture2D.m */ = {isa = PBXFileReference; fileEncoding = 4; lastKnownFileType = sourcecode.c.objc; path = Texture2D.m; sourceTree = "<group>"; };
		AC8A87ED10C56FCE0015CDF5 /* latitude.png */ = {isa = PBXFileReference; lastKnownFileType = image.png; name = latitude.png; path = Resources/latitude.png; sourceTree = "<group>"; };
		AC8A87EE10C56FCE0015CDF5 /* location_off.png */ = {isa = PBXFileReference; lastKnownFileType = image.png; name = location_off.png; path = Resources/location_off.png; sourceTree = "<group>"; };
		AC8A87EF10C56FCE0015CDF5 /* longitude.png */ = {isa = PBXFileReference; lastKnownFileType = image.png; name = longitude.png; path = Resources/longitude.png; sourceTree = "<group>"; };
		ACA8757A109DC88900465577 /* location.png */ = {isa = PBXFileReference; lastKnownFileType = image.png; name = location.png; path = Resources/location.png; sourceTree = "<group>"; };
		ACA8757B109DC88900465577 /* search.png */ = {isa = PBXFileReference; lastKnownFileType = image.png; name = search.png; path = Resources/search.png; sourceTree = "<group>"; };
		ACA8757C109DC88900465577 /* settings.png */ = {isa = PBXFileReference; lastKnownFileType = image.png; name = settings.png; path = Resources/settings.png; sourceTree = "<group>"; };
		ACA875EC109DD0A000465577 /* SRInterfaceElement.h */ = {isa = PBXFileReference; fileEncoding = 4; lastKnownFileType = sourcecode.c.h; path = SRInterfaceElement.h; sourceTree = "<group>"; };
		ACA875ED109DD0A000465577 /* SRInterfaceElement.m */ = {isa = PBXFileReference; fileEncoding = 4; lastKnownFileType = sourcecode.c.objc; path = SRInterfaceElement.m; sourceTree = "<group>"; };
		ACB56B3510C41A210002842B /* jupiter.png */ = {isa = PBXFileReference; lastKnownFileType = image.png; name = jupiter.png; path = Resources/Textures/jupiter.png; sourceTree = "<group>"; };
		ACB7B11510615C1000CA447E /* SRCamera.h */ = {isa = PBXFileReference; fileEncoding = 4; lastKnownFileType = sourcecode.c.h; path = SRCamera.h; sourceTree = "<group>"; };
		ACB7B11610615C1000CA447E /* SRCamera.m */ = {isa = PBXFileReference; fileEncoding = 4; lastKnownFileType = sourcecode.c.objc; path = SRCamera.m; sourceTree = "<group>"; };
		ACB7B16A10615F4F00CA447E /* SRRenderer.h */ = {isa = PBXFileReference; fileEncoding = 4; lastKnownFileType = sourcecode.c.h; path = SRRenderer.h; sourceTree = "<group>"; };
		ACB7B16B10615F4F00CA447E /* SRRenderer.m */ = {isa = PBXFileReference; fileEncoding = 4; lastKnownFileType = sourcecode.c.objc; path = SRRenderer.m; sourceTree = "<group>"; };
		ACEC7CEF109B25A700149C80 /* SRStar.h */ = {isa = PBXFileReference; fileEncoding = 4; lastKnownFileType = sourcecode.c.h; path = SRStar.h; sourceTree = "<group>"; };
		ACEC7CF0109B25A700149C80 /* SRStar.m */ = {isa = PBXFileReference; fileEncoding = 4; lastKnownFileType = sourcecode.c.objc; path = SRStar.m; sourceTree = "<group>"; };
		ACEC7CF1109B25A700149C80 /* SRSun.h */ = {isa = PBXFileReference; fileEncoding = 4; lastKnownFileType = sourcecode.c.h; path = SRSun.h; sourceTree = "<group>"; };
		ACEC7CF2109B25A700149C80 /* SRSun.m */ = {isa = PBXFileReference; fileEncoding = 4; lastKnownFileType = sourcecode.c.objc; path = SRSun.m; sourceTree = "<group>"; };
/* End PBXFileReference section */

/* Begin PBXFrameworksBuildPhase section */
		1D60588F0D05DD3D006BFB54 /* Frameworks */ = {
			isa = PBXFrameworksBuildPhase;
			buildActionMask = 2147483647;
			files = (
				1D60589F0D05DD5A006BFB54 /* Foundation.framework in Frameworks */,
				1DF5F4E00D08C38300B7A737 /* UIKit.framework in Frameworks */,
				28FD15000DC6FC520079059D /* OpenGLES.framework in Frameworks */,
				28FD15080DC6FC5B0079059D /* QuartzCore.framework in Frameworks */,
				1FF404F30FF2AC4B00D17C20 /* CoreGraphics.framework in Frameworks */,
				765DA31510A0B97000C4B16A /* CoreLocation.framework in Frameworks */,
			);
			runOnlyForDeploymentPostprocessing = 0;
		};
/* End PBXFrameworksBuildPhase section */

/* Begin PBXGroup section */
		080E96DDFE201D6D7F000001 /* Classes */ = {
			isa = PBXGroup;
			children = (
				AC6D777C10C56A1900442254 /* SRSpriteManager.h */,
				AC6D777D10C56A1900442254 /* SRSpriteManager.m */,
				ACA875E7109DD08C00465577 /* Interface */,
				765DA28810A0B19300C4B16A /* SRLocation.h */,
				765DA28910A0B19300C4B16A /* SRLocation.m */,
				AC1BA73A10C0225D0084CF6F /* SRConstellation.h */,
				AC1BA73B10C0225D0084CF6F /* SRConstellation.m */,
				AC59B8B81075075F00ABAE22 /* SRPlanetaryObject.h */,
				AC59B8B91075075F00ABAE22 /* SRPlanetaryObject.m */,
				ACEC7CEF109B25A700149C80 /* SRStar.h */,
				ACEC7CF0109B25A700149C80 /* SRStar.m */,
				ACEC7CF1109B25A700149C80 /* SRSun.h */,
				ACEC7CF2109B25A700149C80 /* SRSun.m */,
				ACB7B16A10615F4F00CA447E /* SRRenderer.h */,
				ACB7B16B10615F4F00CA447E /* SRRenderer.m */,
				ACB7B11510615C1000CA447E /* SRCamera.h */,
				ACB7B11610615C1000CA447E /* SRCamera.m */,
				AC24C98510BAE6420063DF87 /* SRTimeManager.h */,
				AC24C98610BAE6420063DF87 /* SRTimeManager.m */,
				ACB7B11110615AE000CA447E /* OpenGL */,
				AC1BA73710C021D00084CF6F /* Helpers */,
			);
			path = Classes;
			sourceTree = "<group>";
		};
		19C28FACFE9D520D11CA2CBB /* Products */ = {
			isa = PBXGroup;
			children = (
				1D6058910D05DD3D006BFB54 /* Sterren.app */,
			);
			name = Products;
			sourceTree = "<group>";
		};
		29B97314FDCFA39411CA2CEA /* CustomTemplate */ = {
			isa = PBXGroup;
			children = (
				080E96DDFE201D6D7F000001 /* Classes */,
				29B97315FDCFA39411CA2CEA /* Other Sources */,
				29B97317FDCFA39411CA2CEA /* Resources */,
				29B97323FDCFA39411CA2CEA /* Frameworks */,
				19C28FACFE9D520D11CA2CBB /* Products */,
			);
			name = CustomTemplate;
			sourceTree = "<group>";
		};
		29B97315FDCFA39411CA2CEA /* Other Sources */ = {
			isa = PBXGroup;
			children = (
				32CA4F630368D1EE00C91783 /* Sterren_Prefix.pch */,
				29B97316FDCFA39411CA2CEA /* main.m */,
			);
			name = "Other Sources";
			sourceTree = "<group>";
		};
		29B97317FDCFA39411CA2CEA /* Resources */ = {
			isa = PBXGroup;
			children = (
				AC8A87ED10C56FCE0015CDF5 /* latitude.png */,
				AC8A87EE10C56FCE0015CDF5 /* location_off.png */,
				AC8A87EF10C56FCE0015CDF5 /* longitude.png */,
				AC6EE16010C09A63008EEC97 /* Default.png */,
				ACB56B3810C41A2C0002842B /* Planets */,
				AC224442109DBE2A0049BF46 /* Icons */,
				AC24C9AF10BAEB310063DF87 /* Time */,
				AC4F8956109DF46900B8BD64 /* click.png */,
				AC6636E010AB16C600D4FB1C /* horizon_bg.png */,
				AC24C9A710BAEB2B0063DF87 /* module_bg.png */,
				AC045E32109E062B0066EAA6 /* menu.png */,
				AC75CA0B108B4A5F00463F3A /* icon_png.png */,
				76FBD51D108B227000E08E82 /* stars.xml */,
				28AD733E0D9D9553002E5188 /* MainWindow.xib */,
				8D1107310486CEB800E47090 /* Sterren-Info.plist */,
			);
			name = Resources;
			sourceTree = "<group>";
		};
		29B97323FDCFA39411CA2CEA /* Frameworks */ = {
			isa = PBXGroup;
			children = (
				765DA31410A0B97000C4B16A /* CoreLocation.framework */,
				28FD15070DC6FC5B0079059D /* QuartzCore.framework */,
				28FD14FF0DC6FC520079059D /* OpenGLES.framework */,
				1DF5F4DF0D08C38300B7A737 /* UIKit.framework */,
				1D30AB110D05D00D00671497 /* Foundation.framework */,
				1FF404F20FF2AC4B00D17C20 /* CoreGraphics.framework */,
			);
			name = Frameworks;
			sourceTree = "<group>";
		};
		AC1BA73710C021D00084CF6F /* Helpers */ = {
			isa = PBXGroup;
			children = (
				76B7CC57108B235100F87C68 /* XMLParser.h */,
				76B7CC58108B235100F87C68 /* XMLParser.m */,
				1D3623240D0F684500981E51 /* SterrenAppDelegate.h */,
				1D3623250D0F684500981E51 /* SterrenAppDelegate.m */,
			);
			name = Helpers;
			sourceTree = "<group>";
		};
		AC224442109DBE2A0049BF46 /* Icons */ = {
			isa = PBXGroup;
			children = (
				AC4E0144109E187400C13AC5 /* arrow.png */,
				ACA8757A109DC88900465577 /* location.png */,
				ACA8757B109DC88900465577 /* search.png */,
				ACA8757C109DC88900465577 /* settings.png */,
				AC2243AF109DB98F0049BF46 /* time.png */,
			);
			name = Icons;
			sourceTree = "<group>";
		};
		AC24C9AF10BAEB310063DF87 /* Time */ = {
			isa = PBXGroup;
			children = (
				AC24C9A610BAEB2B0063DF87 /* fwd.png */,
				AC24C9A810BAEB2B0063DF87 /* play.png */,
				AC24C9A910BAEB2B0063DF87 /* rew.png */,
			);
			name = Time;
			sourceTree = "<group>";
		};
		ACA875E7109DD08C00465577 /* Interface */ = {
			isa = PBXGroup;
			children = (
				AC24C98E10BAE7BF0063DF87 /* SRModule.h */,
				AC24C98F10BAE7BF0063DF87 /* SRModule.m */,
				AC24C99310BAE8F00063DF87 /* SRTimeModule.h */,
				AC24C99410BAE8F00063DF87 /* SRTimeModule.m */,
				76B2988310BD9EBB00EEDA5D /* SRLocationModule.h */,
				76B2988410BD9EBB00EEDA5D /* SRLocationModule.m */,
				ACA875EC109DD0A000465577 /* SRInterfaceElement.h */,
				ACA875ED109DD0A000465577 /* SRInterfaceElement.m */,
				AC55F120109600990021D39C /* SRInterface.h */,
				AC55F121109600990021D39C /* SRInterface.m */,
			);
			name = Interface;
			sourceTree = "<group>";
		};
		ACB56B3810C41A2C0002842B /* Planets */ = {
			isa = PBXGroup;
			children = (
				ACB56B3510C41A210002842B /* jupiter.png */,
			);
			name = Planets;
			sourceTree = "<group>";
		};
		ACB7B11110615AE000CA447E /* OpenGL */ = {
			isa = PBXGroup;
			children = (
				1F92F5E80FDFF83200548BE8 /* ConstantsAndMacros.h */,
				1F92F5EB0FDFF83200548BE8 /* OpenGLCommon.h */,
				AC7AE68110BC49F500A63DFB /* Texture2D.h */,
				AC7AE68210BC49F500A63DFB /* Texture2D.m */,
				1FFE82440FF2AB450003974F /* OpenGLTexture3D.h */,
				1FFE82430FF2AB450003974F /* OpenGLTexture3D.m */,
				28FD14FC0DC6FC130079059D /* GLView.h */,
				28FD14FD0DC6FC130079059D /* GLView.m */,
				1F92F5E90FDFF83200548BE8 /* GLViewController.h */,
				1F92F5EA0FDFF83200548BE8 /* GLViewController.m */,
			);
			name = OpenGL;
			sourceTree = "<group>";
		};
/* End PBXGroup section */

/* Begin PBXNativeTarget section */
		1D6058900D05DD3D006BFB54 /* Sterren */ = {
			isa = PBXNativeTarget;
			buildConfigurationList = 1D6058960D05DD3E006BFB54 /* Build configuration list for PBXNativeTarget "Sterren" */;
			buildPhases = (
				1D60588D0D05DD3D006BFB54 /* Resources */,
				1D60588E0D05DD3D006BFB54 /* Sources */,
				1D60588F0D05DD3D006BFB54 /* Frameworks */,
			);
			buildRules = (
			);
			dependencies = (
			);
			name = Sterren;
			productName = Sterren;
			productReference = 1D6058910D05DD3D006BFB54 /* Sterren.app */;
			productType = "com.apple.product-type.application";
		};
/* End PBXNativeTarget section */

/* Begin PBXProject section */
		29B97313FDCFA39411CA2CEA /* Project object */ = {
			isa = PBXProject;
			buildConfigurationList = C01FCF4E08A954540054247B /* Build configuration list for PBXProject "Sterren" */;
			compatibilityVersion = "Xcode 3.1";
			hasScannedForEncodings = 1;
			mainGroup = 29B97314FDCFA39411CA2CEA /* CustomTemplate */;
			projectDirPath = "";
			projectRoot = "";
			targets = (
				1D6058900D05DD3D006BFB54 /* Sterren */,
			);
		};
/* End PBXProject section */

/* Begin PBXResourcesBuildPhase section */
		1D60588D0D05DD3D006BFB54 /* Resources */ = {
			isa = PBXResourcesBuildPhase;
			buildActionMask = 2147483647;
			files = (
				28AD733F0D9D9553002E5188 /* MainWindow.xib in Resources */,
				76FBD51E108B227000E08E82 /* stars.xml in Resources */,
				AC75CA0C108B4A5F00463F3A /* icon_png.png in Resources */,
				AC2243B0109DB98F0049BF46 /* time.png in Resources */,
				ACA8757D109DC88900465577 /* location.png in Resources */,
				ACA8757E109DC88900465577 /* search.png in Resources */,
				ACA8757F109DC88900465577 /* settings.png in Resources */,
				AC4F8957109DF46900B8BD64 /* click.png in Resources */,
				AC045E33109E062B0066EAA6 /* menu.png in Resources */,
				AC4E0145109E187400C13AC5 /* arrow.png in Resources */,
				AC6636E110AB16C600D4FB1C /* horizon_bg.png in Resources */,
				AC24C9AA10BAEB2B0063DF87 /* fwd.png in Resources */,
				AC24C9AB10BAEB2B0063DF87 /* module_bg.png in Resources */,
				AC24C9AC10BAEB2B0063DF87 /* play.png in Resources */,
				AC24C9AD10BAEB2B0063DF87 /* rew.png in Resources */,
				AC6EE16110C09A63008EEC97 /* Default.png in Resources */,
				ACB56B3610C41A210002842B /* jupiter.png in Resources */,
				AC8A87F010C56FCE0015CDF5 /* latitude.png in Resources */,
				AC8A87F110C56FCE0015CDF5 /* location_off.png in Resources */,
				AC8A87F210C56FCE0015CDF5 /* longitude.png in Resources */,
			);
			runOnlyForDeploymentPostprocessing = 0;
		};
/* End PBXResourcesBuildPhase section */

/* Begin PBXSourcesBuildPhase section */
		1D60588E0D05DD3D006BFB54 /* Sources */ = {
			isa = PBXSourcesBuildPhase;
			buildActionMask = 2147483647;
			files = (
				1D60589B0D05DD56006BFB54 /* main.m in Sources */,
				1D3623260D0F684500981E51 /* SterrenAppDelegate.m in Sources */,
				28FD14FE0DC6FC130079059D /* GLView.m in Sources */,
				1F92F5EC0FDFF83200548BE8 /* GLViewController.m in Sources */,
				1FFE82450FF2AB450003974F /* OpenGLTexture3D.m in Sources */,
				ACB7B11710615C1000CA447E /* SRCamera.m in Sources */,
				ACB7B16C10615F4F00CA447E /* SRRenderer.m in Sources */,
				AC59B8BA1075075F00ABAE22 /* SRPlanetaryObject.m in Sources */,
				76B7CC59108B235100F87C68 /* XMLParser.m in Sources */,
				AC55F122109600990021D39C /* SRInterface.m in Sources */,
				ACEC7CF3109B25A700149C80 /* SRStar.m in Sources */,
				ACEC7CF4109B25A700149C80 /* SRSun.m in Sources */,
				ACA875EE109DD0A000465577 /* SRInterfaceElement.m in Sources */,
				765DA28A10A0B19300C4B16A /* SRLocation.m in Sources */,
				AC24C98710BAE6420063DF87 /* SRTimeManager.m in Sources */,
				AC24C99010BAE7BF0063DF87 /* SRModule.m in Sources */,
				AC24C99510BAE8F00063DF87 /* SRTimeModule.m in Sources */,
				AC7AE68310BC49F500A63DFB /* Texture2D.m in Sources */,
				76B2988510BD9EBB00EEDA5D /* SRLocationModule.m in Sources */,
				AC1BA73C10C0225D0084CF6F /* SRConstellation.m in Sources */,
				AC6D777E10C56A1900442254 /* SRSpriteManager.m in Sources */,
			);
			runOnlyForDeploymentPostprocessing = 0;
		};
/* End PBXSourcesBuildPhase section */

/* Begin XCBuildConfiguration section */
		1D6058940D05DD3E006BFB54 /* Debug */ = {
			isa = XCBuildConfiguration;
			buildSettings = {
				ALWAYS_SEARCH_USER_PATHS = NO;
				COPY_PHASE_STRIP = NO;
				GCC_DYNAMIC_NO_PIC = NO;
				GCC_OPTIMIZATION_LEVEL = 0;
				GCC_PRECOMPILE_PREFIX_HEADER = YES;
				GCC_PREFIX_HEADER = Sterren_Prefix.pch;
				"GCC_THUMB_SUPPORT[arch=armv6]" = "";
				INFOPLIST_FILE = "Sterren-Info.plist";
				PRODUCT_NAME = Sterren;
			};
			name = Debug;
		};
		1D6058950D05DD3E006BFB54 /* Release */ = {
			isa = XCBuildConfiguration;
			buildSettings = {
				ALWAYS_SEARCH_USER_PATHS = NO;
				COPY_PHASE_STRIP = YES;
				GCC_PRECOMPILE_PREFIX_HEADER = YES;
				GCC_PREFIX_HEADER = Sterren_Prefix.pch;
				"GCC_THUMB_SUPPORT[arch=armv6]" = "";
				INFOPLIST_FILE = "Sterren-Info.plist";
				PRODUCT_NAME = Sterren;
			};
			name = Release;
		};
		C01FCF4F08A954540054247B /* Debug */ = {
			isa = XCBuildConfiguration;
			buildSettings = {
				ARCHS = "$(ARCHS_STANDARD_32_BIT)";
				"CODE_SIGN_IDENTITY[sdk=iphoneos*]" = "iPhone Developer";
				GCC_C_LANGUAGE_STANDARD = c99;
				GCC_WARN_ABOUT_RETURN_TYPE = YES;
				GCC_WARN_UNUSED_VARIABLE = YES;
				PREBINDING = NO;
				SDKROOT = iphoneos3.0;
			};
			name = Debug;
		};
		C01FCF5008A954540054247B /* Release */ = {
			isa = XCBuildConfiguration;
			buildSettings = {
				ARCHS = "$(ARCHS_STANDARD_32_BIT)";
				"CODE_SIGN_IDENTITY[sdk=iphoneos*]" = "iPhone Developer";
				GCC_C_LANGUAGE_STANDARD = c99;
				GCC_WARN_ABOUT_RETURN_TYPE = YES;
				GCC_WARN_UNUSED_VARIABLE = YES;
				PREBINDING = NO;
				SDKROOT = iphoneos3.0;
			};
			name = Release;
		};
/* End XCBuildConfiguration section */

/* Begin XCConfigurationList section */
		1D6058960D05DD3E006BFB54 /* Build configuration list for PBXNativeTarget "Sterren" */ = {
			isa = XCConfigurationList;
			buildConfigurations = (
				1D6058940D05DD3E006BFB54 /* Debug */,
				1D6058950D05DD3E006BFB54 /* Release */,
			);
			defaultConfigurationIsVisible = 0;
			defaultConfigurationName = Release;
		};
		C01FCF4E08A954540054247B /* Build configuration list for PBXProject "Sterren" */ = {
			isa = XCConfigurationList;
			buildConfigurations = (
				C01FCF4F08A954540054247B /* Debug */,
				C01FCF5008A954540054247B /* Release */,
			);
			defaultConfigurationIsVisible = 0;
			defaultConfigurationName = Release;
		};
/* End XCConfigurationList section */
	};
	rootObject = 29B97313FDCFA39411CA2CEA /* Project object */;
}
